
Microsoft Visual Studio Solution File, Format Version 12.00
# Visual Studio Version 17
VisualStudioVersion = 17.7.34024.191
MinimumVisualStudioVersion = 10.0.40219.1
Project("{FAE04EC0-301F-11D3-BF4B-00C04F79EFBC}") = "WebApplication1", "WebApplication1\WebApplication1.csproj", "{DBB7CB09-ACBA-45A4-929B-B41731840746}"
EndProject
Global
	GlobalSection(SolutionConfigurationPlatforms) = preSolution
		Debug|Any CPU = Debug|Any CPU
		Release|Any CPU = Release|Any CPU
	EndGlobalSection
	GlobalSection(ProjectConfigurationPlatforms) = postSolution
		{DBB7CB09-ACBA-45A4-929B-B41731840746}.Debug|Any CPU.ActiveCfg = Debug|Any CPU
		{DBB7CB09-ACBA-45A4-929B-B41731840746}.Debug|Any CPU.Build.0 = Debug|Any CPU
		{DBB7CB09-ACBA-45A4-929B-B41731840746}.Release|Any CPU.ActiveCfg = Release|Any CPU
		{DBB7CB09-ACBA-45A4-929B-B41731840746}.Release|Any CPU.Build.0 = Release|Any CPU
	EndGlobalSection
	GlobalSection(SolutionProperties) = preSolution
		HideSolutionNode = FALSE
	EndGlobalSection
	GlobalSection(ExtensibilityGlobals) = postSolution
		SolutionGuid = {423D1C5B-FBD0-4796-8C76-D96540D635D7}
	EndGlobalSection
EndGlobal
